
Microsoft Visual Studio Solution File, Format Version 12.00
# Visual Studio Version 17
VisualStudioVersion = 17.5.33516.290
MinimumVisualStudioVersion = 10.0.40219.1
Project("{FAE04EC0-301F-11D3-BF4B-00C04F79EFBC}") = "finalAssignment", "finalAssignment.csproj", "{0508366A-9553-4D94-AF0E-AC5C3ED12DE9}"
EndProject
Global
	GlobalSection(SolutionConfigurationPlatforms) = preSolution
		Debug|Any CPU = Debug|Any CPU
		Release|Any CPU = Release|Any CPU
	EndGlobalSection
	GlobalSection(ProjectConfigurationPlatforms) = postSolution
		{0508366A-9553-4D94-AF0E-AC5C3ED12DE9}.Debug|Any CPU.ActiveCfg = Debug|Any CPU
		{0508366A-9553-4D94-AF0E-AC5C3ED12DE9}.Debug|Any CPU.Build.0 = Debug|Any CPU
		{0508366A-9553-4D94-AF0E-AC5C3ED12DE9}.Release|Any CPU.ActiveCfg = Release|Any CPU
		{0508366A-9553-4D94-AF0E-AC5C3ED12DE9}.Release|Any CPU.Build.0 = Release|Any CPU
	EndGlobalSection
	GlobalSection(SolutionProperties) = preSolution
		HideSolutionNode = FALSE
	EndGlobalSection
	GlobalSection(ExtensibilityGlobals) = postSolution
		SolutionGuid = {741B4506-2C71-440E-9463-D661DAE76A2F}
	EndGlobalSection
EndGlobal
